{
  "nodes": {
    "home-manager": {
      "inputs": {
        "nixpkgs": [
          "nixpkgs"
        ]
      },
      "locked": {
        "lastModified": 1743082807,
        "narHash": "sha256-qmrCYHVqE6j0TQApfxGx8aRYNdNsqtOrZuH09A+cjTU=",
        "owner": "nix-community",
        "repo": "home-manager",
        "rev": "171915bfce41018528fda9960211e81946d999b7",
        "type": "github"
      },
      "original": {
        "owner": "nix-community",
        "repo": "home-manager",
        "type": "github"
      }
    },
    "nix-darwin": {
      "inputs": {
        "nixpkgs": [
          "nixpkgs"
        ]
      },
      "locked": {
        "lastModified": 1742869675,
        "narHash": "sha256-rgwUZJZVztaNYPTsf6MIqirPL5r2JTMMyHuzk1ezyYk=",
        "owner": "LnL7",
        "repo": "nix-darwin",
        "rev": "bb81755a3674951724d79b8cba6bbff01409d44d",
        "type": "github"
      },
      "original": {
        "owner": "LnL7",
        "repo": "nix-darwin",
        "type": "github"
      }
    },
    "nixpkgs": {
      "locked": {
        "lastModified": 1743084015,
        "narHash": "sha256-4fdoB2NC0uBAt2qpYGz/XojZihm+AaWeU/RMmpJ2meQ=",
        "owner": "nixos",
        "repo": "nixpkgs",
        "rev": "1dc88020188bf37a1d8bdeab60ee436923e04408",
        "type": "github"
      },
      "original": {
        "owner": "nixos",
        "ref": "master",
        "repo": "nixpkgs",
        "type": "github"
      }
    },
    "root": {
      "inputs": {
        "home-manager": "home-manager",
        "nix-darwin": "nix-darwin",
        "nixpkgs": "nixpkgs"
      }
    }
  },
  "root": "root",
  "version": 7
}
